
Microsoft Visual Studio Solution File, Format Version 12.00
# Visual Studio Version 16
VisualStudioVersion = 16.0.31105.61
MinimumVisualStudioVersion = 10.0.40219.1
Project("{8BC9CEB8-8B4A-11D0-8D11-00A0C91BC942}") = "ChangeResolution", "ChangeResolution.vcxproj", "{3357221C-70D3-463E-ADC4-C818783E8CE0}"
EndProject
Global
	GlobalSection(SolutionConfigurationPlatforms) = preSolution
		Debug|x64 = Debug|x64
		Debug|x86 = Debug|x86
		Release|x64 = Release|x64
		Release|x86 = Release|x86
	EndGlobalSection
	GlobalSection(ProjectConfigurationPlatforms) = postSolution
		{3357221C-70D3-463E-ADC4-C818783E8CE0}.Debug|x64.ActiveCfg = Debug|x64
		{3357221C-70D3-463E-ADC4-C818783E8CE0}.Debug|x64.Build.0 = Debug|x64
		{3357221C-70D3-463E-ADC4-C818783E8CE0}.Debug|x86.ActiveCfg = Debug|Win32
		{3357221C-70D3-463E-ADC4-C818783E8CE0}.Debug|x86.Build.0 = Debug|Win32
		{3357221C-70D3-463E-ADC4-C818783E8CE0}.Release|x64.ActiveCfg = Release|x64
		{3357221C-70D3-463E-ADC4-C818783E8CE0}.Release|x64.Build.0 = Release|x64
		{3357221C-70D3-463E-ADC4-C818783E8CE0}.Release|x86.ActiveCfg = Release|Win32
		{3357221C-70D3-463E-ADC4-C818783E8CE0}.Release|x86.Build.0 = Release|Win32
	EndGlobalSection
	GlobalSection(SolutionProperties) = preSolution
		HideSolutionNode = FALSE
	EndGlobalSection
	GlobalSection(ExtensibilityGlobals) = postSolution
		SolutionGuid = {980AFFDA-CE3C-4891-8C0F-8B9FDF8C06E1}
	EndGlobalSection
EndGlobal
